
Microsoft Visual Studio Solution File, Format Version 12.00
# Visual Studio 15
VisualStudioVersion = 15.0.27703.2035
MinimumVisualStudioVersion = 10.0.40219.1
Project("{888888A0-9F3D-457C-B088-3A5042F75D52}") = "Skater", "Skater\Skater.pyproj", "{55C2BC9E-43F6-4129-81DB-E3334FECC84A}"
EndProject
Global
	GlobalSection(SolutionConfigurationPlatforms) = preSolution
		Debug|Any CPU = Debug|Any CPU
		Release|Any CPU = Release|Any CPU
	EndGlobalSection
	GlobalSection(ProjectConfigurationPlatforms) = postSolution
		{55C2BC9E-43F6-4129-81DB-E3334FECC84A}.Debug|Any CPU.ActiveCfg = Debug|Any CPU
		{55C2BC9E-43F6-4129-81DB-E3334FECC84A}.Release|Any CPU.ActiveCfg = Release|Any CPU
	EndGlobalSection
	GlobalSection(SolutionProperties) = preSolution
		HideSolutionNode = FALSE
	EndGlobalSection
	GlobalSection(ExtensibilityGlobals) = postSolution
		SolutionGuid = {57B0289A-70FE-4179-BA38-82EBDF5609F9}
	EndGlobalSection
EndGlobal
